
Microsoft Visual Studio Solution File, Format Version 12.00
# Visual Studio 15
VisualStudioVersion = 15.0.28307.1321
MinimumVisualStudioVersion = 10.0.40219.1
Project("{9A19103F-16F7-4668-BE54-9A1E7A4F7556}") = "DataAccess", "DataAccess\DataAccess.csproj", "{A2F86E10-4394-4B1E-9601-65EF4D38461D}"
EndProject
Project("{9A19103F-16F7-4668-BE54-9A1E7A4F7556}") = "Business", "Business\Business.csproj", "{F098E82A-9503-48CC-A1E6-BB180AE27622}"
EndProject
Project("{9A19103F-16F7-4668-BE54-9A1E7A4F7556}") = "Entities", "Entities\Entities.csproj", "{9E220C64-C176-47C5-A98C-87F7AA34B423}"
EndProject
Project("{9A19103F-16F7-4668-BE54-9A1E7A4F7556}") = "ConsoleUI", "ConsoleUI\ConsoleUI.csproj", "{347521C8-C62F-4704-9121-EBB167DC0D4A}"
EndProject
Project("{FAE04EC0-301F-11D3-BF4B-00C04F79EFBC}") = "Linq", "Linq\Linq.csproj", "{9FE7BB8F-E914-4682-81B5-F61778E83EB6}"
EndProject
Global
	GlobalSection(SolutionConfigurationPlatforms) = preSolution
		Debug|Any CPU = Debug|Any CPU
		Release|Any CPU = Release|Any CPU
	EndGlobalSection
	GlobalSection(ProjectConfigurationPlatforms) = postSolution
		{A2F86E10-4394-4B1E-9601-65EF4D38461D}.Debug|Any CPU.ActiveCfg = Debug|Any CPU
		{A2F86E10-4394-4B1E-9601-65EF4D38461D}.Debug|Any CPU.Build.0 = Debug|Any CPU
		{A2F86E10-4394-4B1E-9601-65EF4D38461D}.Release|Any CPU.ActiveCfg = Release|Any CPU
		{A2F86E10-4394-4B1E-9601-65EF4D38461D}.Release|Any CPU.Build.0 = Release|Any CPU
		{F098E82A-9503-48CC-A1E6-BB180AE27622}.Debug|Any CPU.ActiveCfg = Debug|Any CPU
		{F098E82A-9503-48CC-A1E6-BB180AE27622}.Debug|Any CPU.Build.0 = Debug|Any CPU
		{F098E82A-9503-48CC-A1E6-BB180AE27622}.Release|Any CPU.ActiveCfg = Release|Any CPU
		{F098E82A-9503-48CC-A1E6-BB180AE27622}.Release|Any CPU.Build.0 = Release|Any CPU
		{9E220C64-C176-47C5-A98C-87F7AA34B423}.Debug|Any CPU.ActiveCfg = Debug|Any CPU
		{9E220C64-C176-47C5-A98C-87F7AA34B423}.Debug|Any CPU.Build.0 = Debug|Any CPU
		{9E220C64-C176-47C5-A98C-87F7AA34B423}.Release|Any CPU.ActiveCfg = Release|Any CPU
		{9E220C64-C176-47C5-A98C-87F7AA34B423}.Release|Any CPU.Build.0 = Release|Any CPU
		{347521C8-C62F-4704-9121-EBB167DC0D4A}.Debug|Any CPU.ActiveCfg = Debug|Any CPU
		{347521C8-C62F-4704-9121-EBB167DC0D4A}.Debug|Any CPU.Build.0 = Debug|Any CPU
		{347521C8-C62F-4704-9121-EBB167DC0D4A}.Release|Any CPU.ActiveCfg = Release|Any CPU
		{347521C8-C62F-4704-9121-EBB167DC0D4A}.Release|Any CPU.Build.0 = Release|Any CPU
		{9FE7BB8F-E914-4682-81B5-F61778E83EB6}.Debug|Any CPU.ActiveCfg = Debug|Any CPU
		{9FE7BB8F-E914-4682-81B5-F61778E83EB6}.Debug|Any CPU.Build.0 = Debug|Any CPU
		{9FE7BB8F-E914-4682-81B5-F61778E83EB6}.Release|Any CPU.ActiveCfg = Release|Any CPU
		{9FE7BB8F-E914-4682-81B5-F61778E83EB6}.Release|Any CPU.Build.0 = Release|Any CPU
	EndGlobalSection
	GlobalSection(SolutionProperties) = preSolution
		HideSolutionNode = FALSE
	EndGlobalSection
	GlobalSection(ExtensibilityGlobals) = postSolution
		SolutionGuid = {D3CE501E-4F08-404A-A708-E8D0775DB68C}
	EndGlobalSection
EndGlobal
